Microsoft Visual Studio Solution File, Format Version 12.00
# Visual Studio Version 16
VisualStudioVersion = 16.0.32228.343
MinimumVisualStudioVersion = 10.0.40219.1
Project("{9A19103F-16F7-4668-BE54-9A1E7A4F7556}") = "ChiefOfStaffCivilWar", "ChiefOfStaffCivilWar\ChiefOfStaffCivilWar.csproj", "{9503F06B-9447-4E56-AF4D-4A6F14321B67}"
EndProject
Project("{2150E333-8FDC-42A3-9474-1A3956D46DE8}") = "Solution Items", "Solution Items", "{B167EEAA-3A08-4F75-8163-EA1DAD79E86B}"
	ProjectSection(SolutionItems) = preProject
		.editorconfig = .editorconfig
		StaticAnalysis.ruleset = StaticAnalysis.ruleset
	EndProjectSection
EndProject
Global
	GlobalSection(SolutionConfigurationPlatforms) = preSolution
		Debug|Any CPU = Debug|Any CPU
	EndGlobalSection
	GlobalSection(ProjectConfigurationPlatforms) = postSolution
		{9503F06B-9447-4E56-AF4D-4A6F14321B67}.Debug|Any CPU.ActiveCfg = Debug|Any CPU
		{9503F06B-9447-4E56-AF4D-4A6F14321B67}.Debug|Any CPU.Build.0 = Debug|Any CPU
	EndGlobalSection
	GlobalSection(SolutionProperties) = preSolution
		HideSolutionNode = FALSE
	EndGlobalSection
	GlobalSection(ExtensibilityGlobals) = postSolution
		SolutionGuid = {D8D23F85-F93C-46CF-993C-74764F4165C3}
	EndGlobalSection
EndGlobal
